// !$*UTF8*$!
{
	archiveVersion = 1;
	classes = {
	};
	objectVersion = 56;
	objects = {

/* Begin PBXBuildFile section */
		EE2D6BDA2AD683D3008857A0 /* BindingBasicsFeature.swift in Sources */ = {isa = PBXBuildFile; fileRef = EE2D6BD92AD683D3008857A0 /* BindingBasicsFeature.swift */; };
		EE2D6BDE2AD68CC9008857A0 /* BindingFormsView.swift in Sources */ = {isa = PBXBuildFile; fileRef = EE2D6BDD2AD68CC9008857A0 /* BindingFormsView.swift */; };
		EE2D6BE12AD69800008857A0 /* BindingFormsFeature.swift in Sources */ = {isa = PBXBuildFile; fileRef = EE2D6BE02AD69800008857A0 /* BindingFormsFeature.swift */; };
		EE9EF5A32AD51E7400AF1974 /* BindingBasicsView.swift in Sources */ = {isa = PBXBuildFile; fileRef = EE9EF5A22AD51E7400AF1974 /* BindingBasicsView.swift */; };
		EEA3B41B2AD787EA007662A0 /* OptionalStateView.swift in Sources */ = {isa = PBXBuildFile; fileRef = EEA3B41A2AD787EA007662A0 /* OptionalStateView.swift */; };
		EED300B12ACFDE8B00BC7E3D /* TCA_LearnApp.swift in Sources */ = {isa = PBXBuildFile; fileRef = EED300B02ACFDE8B00BC7E3D /* TCA_LearnApp.swift */; };
		EED300B32ACFDE8B00BC7E3D /* RootView.swift in Sources */ = {isa = PBXBuildFile; fileRef = EED300B22ACFDE8B00BC7E3D /* RootView.swift */; };
		EED300B52ACFDE8E00BC7E3D /* Assets.xcassets in Resources */ = {isa = PBXBuildFile; fileRef = EED300B42ACFDE8E00BC7E3D /* Assets.xcassets */; };
		EED300B82ACFDE8E00BC7E3D /* Preview Assets.xcassets in Resources */ = {isa = PBXBuildFile; fileRef = EED300B72ACFDE8E00BC7E3D /* Preview Assets.xcassets */; };
		EED300C02ACFE09800BC7E3D /* ComposableArchitecture in Frameworks */ = {isa = PBXBuildFile; productRef = EED300BF2ACFE09800BC7E3D /* ComposableArchitecture */; };
		EED300C62ACFE27700BC7E3D /* CounterView.swift in Sources */ = {isa = PBXBuildFile; fileRef = EED300C52ACFE27700BC7E3D /* CounterView.swift */; };
		EED300CA2ACFE43200BC7E3D /* AboutView.swift in Sources */ = {isa = PBXBuildFile; fileRef = EED300C92ACFE43200BC7E3D /* AboutView.swift */; };
		EED300CC2ACFE64D00BC7E3D /* CounterFeature.swift in Sources */ = {isa = PBXBuildFile; fileRef = EED300CB2ACFE64D00BC7E3D /* CounterFeature.swift */; };
		EED300D12ACFF14C00BC7E3D /* TwoCounterView.swift in Sources */ = {isa = PBXBuildFile; fileRef = EED300D02ACFF14C00BC7E3D /* TwoCounterView.swift */; };
		EED300D32ACFF7E400BC7E3D /* TwoCounterFeature.swift in Sources */ = {isa = PBXBuildFile; fileRef = EED300D22ACFF7E400BC7E3D /* TwoCounterFeature.swift */; };
/* End PBXBuildFile section */

/* Begin PBXFileReference section */
		EE2D6BD92AD683D3008857A0 /* BindingBasicsFeature.swift */ = {isa = PBXFileReference; lastKnownFileType = sourcecode.swift; path = BindingBasicsFeature.swift; sourceTree = "<group>"; };
		EE2D6BDD2AD68CC9008857A0 /* BindingFormsView.swift */ = {isa = PBXFileReference; lastKnownFileType = sourcecode.swift; path = BindingFormsView.swift; sourceTree = "<group>"; };
		EE2D6BE02AD69800008857A0 /* BindingFormsFeature.swift */ = {isa = PBXFileReference; lastKnownFileType = sourcecode.swift; path = BindingFormsFeature.swift; sourceTree = "<group>"; };
		EE9EF5A22AD51E7400AF1974 /* BindingBasicsView.swift */ = {isa = PBXFileReference; lastKnownFileType = sourcecode.swift; path = BindingBasicsView.swift; sourceTree = "<group>"; };
		EEA3B41A2AD787EA007662A0 /* OptionalStateView.swift */ = {isa = PBXFileReference; lastKnownFileType = sourcecode.swift; path = OptionalStateView.swift; sourceTree = "<group>"; };
		EED300AD2ACFDE8B00BC7E3D /* TCA-Learn.app */ = {isa = PBXFileReference; explicitFileType = wrapper.application; includeInIndex = 0; path = "TCA-Learn.app"; sourceTree = BUILT_PRODUCTS_DIR; };
		EED300B02ACFDE8B00BC7E3D /* TCA_LearnApp.swift */ = {isa = PBXFileReference; lastKnownFileType = sourcecode.swift; path = TCA_LearnApp.swift; sourceTree = "<group>"; };
		EED300B22ACFDE8B00BC7E3D /* RootView.swift */ = {isa = PBXFileReference; lastKnownFileType = sourcecode.swift; path = RootView.swift; sourceTree = "<group>"; };
		EED300B42ACFDE8E00BC7E3D /* Assets.xcassets */ = {isa = PBXFileReference; lastKnownFileType = folder.assetcatalog; path = Assets.xcassets; sourceTree = "<group>"; };
		EED300B72ACFDE8E00BC7E3D /* Preview Assets.xcassets */ = {isa = PBXFileReference; lastKnownFileType = folder.assetcatalog; path = "Preview Assets.xcassets"; sourceTree = "<group>"; };
		EED300C52ACFE27700BC7E3D /* CounterView.swift */ = {isa = PBXFileReference; lastKnownFileType = sourcecode.swift; path = CounterView.swift; sourceTree = "<group>"; };
		EED300C92ACFE43200BC7E3D /* AboutView.swift */ = {isa = PBXFileReference; lastKnownFileType = sourcecode.swift; path = AboutView.swift; sourceTree = "<group>"; };
		EED300CB2ACFE64D00BC7E3D /* CounterFeature.swift */ = {isa = PBXFileReference; lastKnownFileType = sourcecode.swift; path = CounterFeature.swift; sourceTree = "<group>"; };
		EED300D02ACFF14C00BC7E3D /* TwoCounterView.swift */ = {isa = PBXFileReference; lastKnownFileType = sourcecode.swift; path = TwoCounterView.swift; sourceTree = "<group>"; };
		EED300D22ACFF7E400BC7E3D /* TwoCounterFeature.swift */ = {isa = PBXFileReference; lastKnownFileType = sourcecode.swift; path = TwoCounterFeature.swift; sourceTree = "<group>"; };
/* End PBXFileReference section */

/* Begin PBXFrameworksBuildPhase section */
		EED300AA2ACFDE8B00BC7E3D /* Frameworks */ = {
			isa = PBXFrameworksBuildPhase;
			buildActionMask = 2147483647;
			files = (
				EED300C02ACFE09800BC7E3D /* ComposableArchitecture in Frameworks */,
			);
			runOnlyForDeploymentPostprocessing = 0;
		};
/* End PBXFrameworksBuildPhase section */

/* Begin PBXGroup section */
		EE2D6BDB2AD68CA6008857A0 /* 04-Bindings-Forms */ = {
			isa = PBXGroup;
			children = (
				EE2D6BDF2AD697BF008857A0 /* Feature */,
				EE2D6BDC2AD68CBA008857A0 /* Views */,
			);
			path = "04-Bindings-Forms";
			sourceTree = "<group>";
		};
		EE2D6BDC2AD68CBA008857A0 /* Views */ = {
			isa = PBXGroup;
			children = (
				EE2D6BDD2AD68CC9008857A0 /* BindingFormsView.swift */,
			);
			path = Views;
			sourceTree = "<group>";
		};
		EE2D6BDF2AD697BF008857A0 /* Feature */ = {
			isa = PBXGroup;
			children = (
				EE2D6BE02AD69800008857A0 /* BindingFormsFeature.swift */,
			);
			path = Feature;
			sourceTree = "<group>";
		};
		EE9EF59F2AD51E3700AF1974 /* 03-Bindings-Basics */ = {
			isa = PBXGroup;
			children = (
				EE9EF5A12AD51E5C00AF1974 /* Views */,
				EE9EF5A02AD51E5700AF1974 /* Feature */,
			);
			path = "03-Bindings-Basics";
			sourceTree = "<group>";
		};
		EE9EF5A02AD51E5700AF1974 /* Feature */ = {
			isa = PBXGroup;
			children = (
				EE2D6BD92AD683D3008857A0 /* BindingBasicsFeature.swift */,
			);
			path = Feature;
			sourceTree = "<group>";
		};
		EE9EF5A12AD51E5C00AF1974 /* Views */ = {
			isa = PBXGroup;
			children = (
				EE9EF5A22AD51E7400AF1974 /* BindingBasicsView.swift */,
			);
			path = Views;
			sourceTree = "<group>";
		};
		EEA3B4182AD78780007662A0 /* 05-OptionalState */ = {
			isa = PBXGroup;
			children = (
				EEA3B4192AD787BF007662A0 /* Views */,
			);
			path = "05-OptionalState";
			sourceTree = "<group>";
		};
		EEA3B4192AD787BF007662A0 /* Views */ = {
			isa = PBXGroup;
			children = (
				EEA3B41A2AD787EA007662A0 /* OptionalStateView.swift */,
			);
			path = Views;
			sourceTree = "<group>";
		};
		EED300A42ACFDE8B00BC7E3D = {
			isa = PBXGroup;
			children = (
				EED300AF2ACFDE8B00BC7E3D /* TCA-Learn */,
				EED300AE2ACFDE8B00BC7E3D /* Products */,
			);
			sourceTree = "<group>";
		};
		EED300AE2ACFDE8B00BC7E3D /* Products */ = {
			isa = PBXGroup;
			children = (
				EED300AD2ACFDE8B00BC7E3D /* TCA-Learn.app */,
			);
			name = Products;
			sourceTree = "<group>";
		};
		EED300AF2ACFDE8B00BC7E3D /* TCA-Learn */ = {
			isa = PBXGroup;
			children = (
				EED300C12ACFE1EA00BC7E3D /* CaseStudies */,
				EED300B02ACFDE8B00BC7E3D /* TCA_LearnApp.swift */,
				EED300B22ACFDE8B00BC7E3D /* RootView.swift */,
				EED300B42ACFDE8E00BC7E3D /* Assets.xcassets */,
				EED300B62ACFDE8E00BC7E3D /* Preview Content */,
			);
			path = "TCA-Learn";
			sourceTree = "<group>";
		};
		EED300B62ACFDE8E00BC7E3D /* Preview Content */ = {
			isa = PBXGroup;
			children = (
				EED300B72ACFDE8E00BC7E3D /* Preview Assets.xcassets */,
			);
			path = "Preview Content";
			sourceTree = "<group>";
		};
		EED300C12ACFE1EA00BC7E3D /* CaseStudies */ = {
			isa = PBXGroup;
			children = (
				EED300C22ACFE1F600BC7E3D /* 01-Counter */,
				EED300CD2ACFF11100BC7E3D /* 02-TwoCounter */,
				EE9EF59F2AD51E3700AF1974 /* 03-Bindings-Basics */,
				EE2D6BDB2AD68CA6008857A0 /* 04-Bindings-Forms */,
				EEA3B4182AD78780007662A0 /* 05-OptionalState */,
				EED300C72ACFE41C00BC7E3D /* Utils */,
			);
			path = CaseStudies;
			sourceTree = "<group>";
		};
		EED300C22ACFE1F600BC7E3D /* 01-Counter */ = {
			isa = PBXGroup;
			children = (
				EED300C42ACFE20C00BC7E3D /* Feature */,
				EED300C32ACFE20600BC7E3D /* Views */,
			);
			path = "01-Counter";
			sourceTree = "<group>";
		};
		EED300C32ACFE20600BC7E3D /* Views */ = {
			isa = PBXGroup;
			children = (
				EED300C52ACFE27700BC7E3D /* CounterView.swift */,
			);
			path = Views;
			sourceTree = "<group>";
		};
		EED300C42ACFE20C00BC7E3D /* Feature */ = {
			isa = PBXGroup;
			children = (
				EED300CB2ACFE64D00BC7E3D /* CounterFeature.swift */,
			);
			path = Feature;
			sourceTree = "<group>";
		};
		EED300C72ACFE41C00BC7E3D /* Utils */ = {
			isa = PBXGroup;
			children = (
				EED300C82ACFE42200BC7E3D /* Custom */,
			);
			path = Utils;
			sourceTree = "<group>";
		};
		EED300C82ACFE42200BC7E3D /* Custom */ = {
			isa = PBXGroup;
			children = (
				EED300C92ACFE43200BC7E3D /* AboutView.swift */,
			);
			path = Custom;
			sourceTree = "<group>";
		};
		EED300CD2ACFF11100BC7E3D /* 02-TwoCounter */ = {
			isa = PBXGroup;
			children = (
				EED300CF2ACFF12F00BC7E3D /* Feature */,
				EED300CE2ACFF12900BC7E3D /* Views */,
			);
			path = "02-TwoCounter";
			sourceTree = "<group>";
		};
		EED300CE2ACFF12900BC7E3D /* Views */ = {
			isa = PBXGroup;
			children = (
				EED300D02ACFF14C00BC7E3D /* TwoCounterView.swift */,
			);
			path = Views;
			sourceTree = "<group>";
		};
		EED300CF2ACFF12F00BC7E3D /* Feature */ = {
			isa = PBXGroup;
			children = (
				EED300D22ACFF7E400BC7E3D /* TwoCounterFeature.swift */,
			);
			path = Feature;
			sourceTree = "<group>";
		};
/* End PBXGroup section */

/* Begin PBXNativeTarget section */
		EED300AC2ACFDE8B00BC7E3D /* TCA-Learn */ = {
			isa = PBXNativeTarget;
			buildConfigurationList = EED300BB2ACFDE8E00BC7E3D /* Build configuration list for PBXNativeTarget "TCA-Learn" */;
			buildPhases = (
				EED300A92ACFDE8B00BC7E3D /* Sources */,
				EED300AA2ACFDE8B00BC7E3D /* Frameworks */,
				EED300AB2ACFDE8B00BC7E3D /* Resources */,
			);
			buildRules = (
			);
			dependencies = (
			);
			name = "TCA-Learn";
			packageProductDependencies = (
				EED300BF2ACFE09800BC7E3D /* ComposableArchitecture */,
			);
			productName = "TCA-Learn";
			productReference = EED300AD2ACFDE8B00BC7E3D /* TCA-Learn.app */;
			productType = "com.apple.product-type.application";
		};
/* End PBXNativeTarget section */

/* Begin PBXProject section */
		EED300A52ACFDE8B00BC7E3D /* Project object */ = {
			isa = PBXProject;
			attributes = {
				BuildIndependentTargetsInParallel = 1;
				LastSwiftUpdateCheck = 1500;
				LastUpgradeCheck = 1500;
				TargetAttributes = {
					EED300AC2ACFDE8B00BC7E3D = {
						CreatedOnToolsVersion = 15.0;
					};
				};
			};
			buildConfigurationList = EED300A82ACFDE8B00BC7E3D /* Build configuration list for PBXProject "TCA-Learn" */;
			compatibilityVersion = "Xcode 14.0";
			developmentRegion = en;
			hasScannedForEncodings = 0;
			knownRegions = (
				en,
				Base,
			);
			mainGroup = EED300A42ACFDE8B00BC7E3D;
			packageReferences = (
				EED300BE2ACFE09800BC7E3D /* XCRemoteSwiftPackageReference "swift-composable-architecture" */,
			);
			productRefGroup = EED300AE2ACFDE8B00BC7E3D /* Products */;
			projectDirPath = "";
			projectRoot = "";
			targets = (
				EED300AC2ACFDE8B00BC7E3D /* TCA-Learn */,
			);
		};
/* End PBXProject section */

/* Begin PBXResourcesBuildPhase section */
		EED300AB2ACFDE8B00BC7E3D /* Resources */ = {
			isa = PBXResourcesBuildPhase;
			buildActionMask = 2147483647;
			files = (
				EED300B82ACFDE8E00BC7E3D /* Preview Assets.xcassets in Resources */,
				EED300B52ACFDE8E00BC7E3D /* Assets.xcassets in Resources */,
			);
			runOnlyForDeploymentPostprocessing = 0;
		};
/* End PBXResourcesBuildPhase section */

/* Begin PBXSourcesBuildPhase section */
		EED300A92ACFDE8B00BC7E3D /* Sources */ = {
			isa = PBXSourcesBuildPhase;
			buildActionMask = 2147483647;
			files = (
				EED300B32ACFDE8B00BC7E3D /* RootView.swift in Sources */,
				EED300B12ACFDE8B00BC7E3D /* TCA_LearnApp.swift in Sources */,
				EE2D6BE12AD69800008857A0 /* BindingFormsFeature.swift in Sources */,
				EED300D12ACFF14C00BC7E3D /* TwoCounterView.swift in Sources */,
				EED300CA2ACFE43200BC7E3D /* AboutView.swift in Sources */,
				EED300CC2ACFE64D00BC7E3D /* CounterFeature.swift in Sources */,
				EE9EF5A32AD51E7400AF1974 /* BindingBasicsView.swift in Sources */,
				EED300D32ACFF7E400BC7E3D /* TwoCounterFeature.swift in Sources */,
				EEA3B41B2AD787EA007662A0 /* OptionalStateView.swift in Sources */,
				EED300C62ACFE27700BC7E3D /* CounterView.swift in Sources */,
				EE2D6BDE2AD68CC9008857A0 /* BindingFormsView.swift in Sources */,
				EE2D6BDA2AD683D3008857A0 /* BindingBasicsFeature.swift in Sources */,
			);
			runOnlyForDeploymentPostprocessing = 0;
		};
/* End PBXSourcesBuildPhase section */

/* Begin XCBuildConfiguration section */
		EED300B92ACFDE8E00BC7E3D /* Debug */ = {
			isa = XCBuildConfiguration;
			buildSettings = {
				ALWAYS_SEARCH_USER_PATHS = NO;
				ASSETCATALOG_COMPILER_GENERATE_SWIFT_ASSET_SYMBOL_EXTENSIONS = YES;
				CLANG_ANALYZER_NONNULL = YES;
				CLANG_ANALYZER_NUMBER_OBJECT_CONVERSION = YES_AGGRESSIVE;
				CLANG_CXX_LANGUAGE_STANDARD = "gnu++20";
				CLANG_ENABLE_MODULES = YES;
				CLANG_ENABLE_OBJC_ARC = YES;
				CLANG_ENABLE_OBJC_WEAK = YES;
				CLANG_WARN_BLOCK_CAPTURE_AUTORELEASING = YES;
				CLANG_WARN_BOOL_CONVERSION = YES;
				CLANG_WARN_COMMA = YES;
				CLANG_WARN_CONSTANT_CONVERSION = YES;
				CLANG_WARN_DEPRECATED_OBJC_IMPLEMENTATIONS = YES;
				CLANG_WARN_DIRECT_OBJC_ISA_USAGE = YES_ERROR;
				CLANG_WARN_DOCUMENTATION_COMMENTS = YES;
				CLANG_WARN_EMPTY_BODY = YES;
				CLANG_WARN_ENUM_CONVERSION = YES;
				CLANG_WARN_INFINITE_RECURSION = YES;
				CLANG_WARN_INT_CONVERSION = YES;
				CLANG_WARN_NON_LITERAL_NULL_CONVERSION = YES;
				CLANG_WARN_OBJC_IMPLICIT_RETAIN_SELF = YES;
				CLANG_WARN_OBJC_LITERAL_CONVERSION = YES;
				CLANG_WARN_OBJC_ROOT_CLASS = YES_ERROR;
				CLANG_WARN_QUOTED_INCLUDE_IN_FRAMEWORK_HEADER = YES;
				CLANG_WARN_RANGE_LOOP_ANALYSIS = YES;
				CLANG_WARN_STRICT_PROTOTYPES = YES;
				CLANG_WARN_SUSPICIOUS_MOVE = YES;
				CLANG_WARN_UNGUARDED_AVAILABILITY = YES_AGGRESSIVE;
				CLANG_WARN_UNREACHABLE_CODE = YES;
				CLANG_WARN__DUPLICATE_METHOD_MATCH = YES;
				COPY_PHASE_STRIP = NO;
				DEBUG_INFORMATION_FORMAT = dwarf;
				ENABLE_STRICT_OBJC_MSGSEND = YES;
				ENABLE_TESTABILITY = YES;
				ENABLE_USER_SCRIPT_SANDBOXING = YES;
				GCC_C_LANGUAGE_STANDARD = gnu17;
				GCC_DYNAMIC_NO_PIC = NO;
				GCC_NO_COMMON_BLOCKS = YES;
				GCC_OPTIMIZATION_LEVEL = 0;
				GCC_PREPROCESSOR_DEFINITIONS = (
					"DEBUG=1",
					"$(inherited)",
				);
				GCC_WARN_64_TO_32_BIT_CONVERSION = YES;
				GCC_WARN_ABOUT_RETURN_TYPE = YES_ERROR;
				GCC_WARN_UNDECLARED_SELECTOR = YES;
				GCC_WARN_UNINITIALIZED_AUTOS = YES_AGGRESSIVE;
				GCC_WARN_UNUSED_FUNCTION = YES;
				GCC_WARN_UNUSED_VARIABLE = YES;
				IPHONEOS_DEPLOYMENT_TARGET = 17.0;
				LOCALIZATION_PREFERS_STRING_CATALOGS = YES;
				MTL_ENABLE_DEBUG_INFO = INCLUDE_SOURCE;
				MTL_FAST_MATH = YES;
				ONLY_ACTIVE_ARCH = YES;
				SDKROOT = iphoneos;
				SWIFT_ACTIVE_COMPILATION_CONDITIONS = "DEBUG $(inherited)";
				SWIFT_OPTIMIZATION_LEVEL = "-Onone";
			};
			name = Debug;
		};
		EED300BA2ACFDE8E00BC7E3D /* Release */ = {
			isa = XCBuildConfiguration;
			buildSettings = {
				ALWAYS_SEARCH_USER_PATHS = NO;
				ASSETCATALOG_COMPILER_GENERATE_SWIFT_ASSET_SYMBOL_EXTENSIONS = YES;
				CLANG_ANALYZER_NONNULL = YES;
				CLANG_ANALYZER_NUMBER_OBJECT_CONVERSION = YES_AGGRESSIVE;
				CLANG_CXX_LANGUAGE_STANDARD = "gnu++20";
				CLANG_ENABLE_MODULES = YES;
				CLANG_ENABLE_OBJC_ARC = YES;
				CLANG_ENABLE_OBJC_WEAK = YES;
				CLANG_WARN_BLOCK_CAPTURE_AUTORELEASING = YES;
				CLANG_WARN_BOOL_CONVERSION = YES;
				CLANG_WARN_COMMA = YES;
				CLANG_WARN_CONSTANT_CONVERSION = YES;
				CLANG_WARN_DEPRECATED_OBJC_IMPLEMENTATIONS = YES;
				CLANG_WARN_DIRECT_OBJC_ISA_USAGE = YES_ERROR;
				CLANG_WARN_DOCUMENTATION_COMMENTS = YES;
				CLANG_WARN_EMPTY_BODY = YES;
				CLANG_WARN_ENUM_CONVERSION = YES;
				CLANG_WARN_INFINITE_RECURSION = YES;
				CLANG_WARN_INT_CONVERSION = YES;
				CLANG_WARN_NON_LITERAL_NULL_CONVERSION = YES;
				CLANG_WARN_OBJC_IMPLICIT_RETAIN_SELF = YES;
				CLANG_WARN_OBJC_LITERAL_CONVERSION = YES;
				CLANG_WARN_OBJC_ROOT_CLASS = YES_ERROR;
				CLANG_WARN_QUOTED_INCLUDE_IN_FRAMEWORK_HEADER = YES;
				CLANG_WARN_RANGE_LOOP_ANALYSIS = YES;
				CLANG_WARN_STRICT_PROTOTYPES = YES;
				CLANG_WARN_SUSPICIOUS_MOVE = YES;
				CLANG_WARN_UNGUARDED_AVAILABILITY = YES_AGGRESSIVE;
				CLANG_WARN_UNREACHABLE_CODE = YES;
				CLANG_WARN__DUPLICATE_METHOD_MATCH = YES;
				COPY_PHASE_STRIP = NO;
				DEBUG_INFORMATION_FORMAT = "dwarf-with-dsym";
				ENABLE_NS_ASSERTIONS = NO;
				ENABLE_STRICT_OBJC_MSGSEND = YES;
				ENABLE_USER_SCRIPT_SANDBOXING = YES;
				GCC_C_LANGUAGE_STANDARD = gnu17;
				GCC_NO_COMMON_BLOCKS = YES;
				GCC_WARN_64_TO_32_BIT_CONVERSION = YES;
				GCC_WARN_ABOUT_RETURN_TYPE = YES_ERROR;
				GCC_WARN_UNDECLARED_SELECTOR = YES;
				GCC_WARN_UNINITIALIZED_AUTOS = YES_AGGRESSIVE;
				GCC_WARN_UNUSED_FUNCTION = YES;
				GCC_WARN_UNUSED_VARIABLE = YES;
				IPHONEOS_DEPLOYMENT_TARGET = 17.0;
				LOCALIZATION_PREFERS_STRING_CATALOGS = YES;
				MTL_ENABLE_DEBUG_INFO = NO;
				MTL_FAST_MATH = YES;
				SDKROOT = iphoneos;
				SWIFT_COMPILATION_MODE = wholemodule;
				VALIDATE_PRODUCT = YES;
			};
			name = Release;
		};
		EED300BC2ACFDE8E00BC7E3D /* Debug */ = {
			isa = XCBuildConfiguration;
			buildSettings = {
				ASSETCATALOG_COMPILER_APPICON_NAME = AppIcon;
				ASSETCATALOG_COMPILER_GLOBAL_ACCENT_COLOR_NAME = AccentColor;
				CODE_SIGN_STYLE = Automatic;
				CURRENT_PROJECT_VERSION = 1;
				DEVELOPMENT_ASSET_PATHS = "\"TCA-Learn/Preview Content\"";
				DEVELOPMENT_TEAM = H2N9KXXP3M;
				ENABLE_PREVIEWS = YES;
				GENERATE_INFOPLIST_FILE = YES;
				INFOPLIST_KEY_UIApplicationSceneManifest_Generation = YES;
				INFOPLIST_KEY_UIApplicationSupportsIndirectInputEvents = YES;
				INFOPLIST_KEY_UILaunchScreen_Generation = YES;
				INFOPLIST_KEY_UISupportedInterfaceOrientations_iPad = "UIInterfaceOrientationPortrait UIInterfaceOrientationPortraitUpsideDown UIInterfaceOrientationLandscapeLeft UIInterfaceOrientationLandscapeRight";
				INFOPLIST_KEY_UISupportedInterfaceOrientations_iPhone = "UIInterfaceOrientationPortrait UIInterfaceOrientationLandscapeLeft UIInterfaceOrientationLandscapeRight";
				LD_RUNPATH_SEARCH_PATHS = (
					"$(inherited)",
					"@executable_path/Frameworks",
				);
				MARKETING_VERSION = 1.0;
				PRODUCT_BUNDLE_IDENTIFIER = "com.mandos.TCA-Learn";
				PRODUCT_NAME = "$(TARGET_NAME)";
				SWIFT_EMIT_LOC_STRINGS = YES;
				SWIFT_VERSION = 5.0;
				TARGETED_DEVICE_FAMILY = "1,2";
			};
			name = Debug;
		};
		EED300BD2ACFDE8E00BC7E3D /* Release */ = {
			isa = XCBuildConfiguration;
			buildSettings = {
				ASSETCATALOG_COMPILER_APPICON_NAME = AppIcon;
				ASSETCATALOG_COMPILER_GLOBAL_ACCENT_COLOR_NAME = AccentColor;
				CODE_SIGN_STYLE = Automatic;
				CURRENT_PROJECT_VERSION = 1;
				DEVELOPMENT_ASSET_PATHS = "\"TCA-Learn/Preview Content\"";
				DEVELOPMENT_TEAM = H2N9KXXP3M;
				ENABLE_PREVIEWS = YES;
				GENERATE_INFOPLIST_FILE = YES;
				INFOPLIST_KEY_UIApplicationSceneManifest_Generation = YES;
				INFOPLIST_KEY_UIApplicationSupportsIndirectInputEvents = YES;
				INFOPLIST_KEY_UILaunchScreen_Generation = YES;
				INFOPLIST_KEY_UISupportedInterfaceOrientations_iPad = "UIInterfaceOrientationPortrait UIInterfaceOrientationPortraitUpsideDown UIInterfaceOrientationLandscapeLeft UIInterfaceOrientationLandscapeRight";
				INFOPLIST_KEY_UISupportedInterfaceOrientations_iPhone = "UIInterfaceOrientationPortrait UIInterfaceOrientationLandscapeLeft UIInterfaceOrientationLandscapeRight";
				LD_RUNPATH_SEARCH_PATHS = (
					"$(inherited)",
					"@executable_path/Frameworks",
				);
				MARKETING_VERSION = 1.0;
				PRODUCT_BUNDLE_IDENTIFIER = "com.mandos.TCA-Learn";
				PRODUCT_NAME = "$(TARGET_NAME)";
				SWIFT_EMIT_LOC_STRINGS = YES;
				SWIFT_VERSION = 5.0;
				TARGETED_DEVICE_FAMILY = "1,2";
			};
			name = Release;
		};
/* End XCBuildConfiguration section */

/* Begin XCConfigurationList section */
		EED300A82ACFDE8B00BC7E3D /* Build configuration list for PBXProject "TCA-Learn" */ = {
			isa = XCConfigurationList;
			buildConfigurations = (
				EED300B92ACFDE8E00BC7E3D /* Debug */,
				EED300BA2ACFDE8E00BC7E3D /* Release */,
			);
			defaultConfigurationIsVisible = 0;
			defaultConfigurationName = Release;
		};
		EED300BB2ACFDE8E00BC7E3D /* Build configuration list for PBXNativeTarget "TCA-Learn" */ = {
			isa = XCConfigurationList;
			buildConfigurations = (
				EED300BC2ACFDE8E00BC7E3D /* Debug */,
				EED300BD2ACFDE8E00BC7E3D /* Release */,
			);
			defaultConfigurationIsVisible = 0;
			defaultConfigurationName = Release;
		};
/* End XCConfigurationList section */

/* Begin XCRemoteSwiftPackageReference section */
		EED300BE2ACFE09800BC7E3D /* XCRemoteSwiftPackageReference "swift-composable-architecture" */ = {
			isa = XCRemoteSwiftPackageReference;
			repositoryURL = "https://github.com/pointfreeco/swift-composable-architecture";
			requirement = {
				kind = upToNextMajorVersion;
				minimumVersion = 1.2.0;
			};
		};
/* End XCRemoteSwiftPackageReference section */

/* Begin XCSwiftPackageProductDependency section */
		EED300BF2ACFE09800BC7E3D /* ComposableArchitecture */ = {
			isa = XCSwiftPackageProductDependency;
			package = EED300BE2ACFE09800BC7E3D /* XCRemoteSwiftPackageReference "swift-composable-architecture" */;
			productName = ComposableArchitecture;
		};
/* End XCSwiftPackageProductDependency section */
	};
	rootObject = EED300A52ACFDE8B00BC7E3D /* Project object */;
}
